// !$*UTF8*$!
{
	archiveVersion = 1;
	classes = {
	};
	objectVersion = 46;
	objects = {

/* Begin PBXBuildFile section */
		00038A951D9FE68800F94610 /* html in Resources */ = {isa = PBXBuildFile; fileRef = 00038A941D9FE68800F94610 /* html */; };
		00038A971D9FE6CF00F94610 /* SwiftScreenSaverView.swift in Sources */ = {isa = PBXBuildFile; fileRef = 00038A961D9FE6CF00F94610 /* SwiftScreenSaverView.swift */; };
		00038A991D9FEC2300F94610 /* SwiftScreenSaverTemplate.saver in CopyFiles */ = {isa = PBXBuildFile; fileRef = 00038A871D9FDB9500F94610 /* SwiftScreenSaverTemplate.saver */; };
		005F608E1E43851A008431B8 /* AppDelegate.swift in Sources */ = {isa = PBXBuildFile; fileRef = 005F608D1E43851A008431B8 /* AppDelegate.swift */; };
		005F60901E43851A008431B8 /* Assets.xcassets in Resources */ = {isa = PBXBuildFile; fileRef = 005F608F1E43851A008431B8 /* Assets.xcassets */; };
		005F60931E43851A008431B8 /* MainMenu.xib in Resources */ = {isa = PBXBuildFile; fileRef = 005F60911E43851A008431B8 /* MainMenu.xib */; };
		006C5A7D1E16B3C3008098A0 /* thumbnail@2x.png in Resources */ = {isa = PBXBuildFile; fileRef = 006C5A7B1E16B3C3008098A0 /* thumbnail@2x.png */; };
		006C5A7F1E16B7CE008098A0 /* thumbnail.png in Resources */ = {isa = PBXBuildFile; fileRef = 006C5A7E1E16B7CE008098A0 /* thumbnail.png */; };
		006C5A821E1801EE008098A0 /* GCDWebServers.framework in Frameworks */ = {isa = PBXBuildFile; fileRef = 006C5A811E1801EE008098A0 /* GCDWebServers.framework */; };
		006C5A841E1803D2008098A0 /* GCDWebServers.framework in Embed Frameworks */ = {isa = PBXBuildFile; fileRef = 006C5A811E1801EE008098A0 /* GCDWebServers.framework */; settings = {ATTRIBUTES = (CodeSignOnCopy, RemoveHeadersOnCopy, ); }; };
/* End PBXBuildFile section */

/* Begin PBXContainerItemProxy section */
		0028B9E91E43B039009C3A68 /* PBXContainerItemProxy */ = {
			isa = PBXContainerItemProxy;
			containerPortal = 00038A7E1D9FDB9500F94610 /* Project object */;
			proxyType = 1;
			remoteGlobalIDString = 00038A861D9FDB9500F94610;
			remoteInfo = SwiftScreenSaverTemplate;
		};
/* End PBXContainerItemProxy section */

/* Begin PBXCopyFilesBuildPhase section */
		00038A981D9FEC0D00F94610 /* CopyFiles */ = {
			isa = PBXCopyFilesBuildPhase;
			buildActionMask = 2147483647;
			dstPath = "~/Library/Screen Savers";
			dstSubfolderSpec = 0;
			files = (
				00038A991D9FEC2300F94610 /* SwiftScreenSaverTemplate.saver in CopyFiles */,
			);
			runOnlyForDeploymentPostprocessing = 0;
		};
		006C5A831E1803C9008098A0 /* Embed Frameworks */ = {
			isa = PBXCopyFilesBuildPhase;
			buildActionMask = 2147483647;
			dstPath = "";
			dstSubfolderSpec = 10;
			files = (
				006C5A841E1803D2008098A0 /* GCDWebServers.framework in Embed Frameworks */,
			);
			name = "Embed Frameworks";
			runOnlyForDeploymentPostprocessing = 0;
		};
/* End PBXCopyFilesBuildPhase section */

/* Begin PBXFileReference section */
		00038A871D9FDB9500F94610 /* SwiftScreenSaverTemplate.saver */ = {isa = PBXFileReference; explicitFileType = wrapper.cfbundle; includeInIndex = 0; path = SwiftScreenSaverTemplate.saver; sourceTree = BUILT_PRODUCTS_DIR; };
		00038A8E1D9FDB9500F94610 /* Info.plist */ = {isa = PBXFileReference; lastKnownFileType = text.plist.xml; path = Info.plist; sourceTree = "<group>"; };
		00038A941D9FE68800F94610 /* html */ = {isa = PBXFileReference; lastKnownFileType = folder; path = html; sourceTree = "<group>"; };
		00038A961D9FE6CF00F94610 /* SwiftScreenSaverView.swift */ = {isa = PBXFileReference; fileEncoding = 4; lastKnownFileType = sourcecode.swift; path = SwiftScreenSaverView.swift; sourceTree = "<group>"; };
		005F608B1E43851A008431B8 /* Runner.app */ = {isa = PBXFileReference; explicitFileType = wrapper.application; includeInIndex = 0; path = Runner.app; sourceTree = BUILT_PRODUCTS_DIR; };
		005F608D1E43851A008431B8 /* AppDelegate.swift */ = {isa = PBXFileReference; lastKnownFileType = sourcecode.swift; path = AppDelegate.swift; sourceTree = "<group>"; };
		005F608F1E43851A008431B8 /* Assets.xcassets */ = {isa = PBXFileReference; lastKnownFileType = folder.assetcatalog; path = Assets.xcassets; sourceTree = "<group>"; };
		005F60921E43851A008431B8 /* Base */ = {isa = PBXFileReference; lastKnownFileType = file.xib; name = Base; path = Base.lproj/MainMenu.xib; sourceTree = "<group>"; };
		005F60941E43851A008431B8 /* Info.plist */ = {isa = PBXFileReference; lastKnownFileType = text.plist.xml; path = Info.plist; sourceTree = "<group>"; };
		006C5A7B1E16B3C3008098A0 /* thumbnail@2x.png */ = {isa = PBXFileReference; lastKnownFileType = image.png; path = "thumbnail@2x.png"; sourceTree = "<group>"; };
		006C5A7E1E16B7CE008098A0 /* thumbnail.png */ = {isa = PBXFileReference; lastKnownFileType = image.png; path = thumbnail.png; sourceTree = "<group>"; };
		006C5A811E1801EE008098A0 /* GCDWebServers.framework */ = {isa = PBXFileReference; lastKnownFileType = wrapper.framework; name = GCDWebServers.framework; path = Carthage/Build/Mac/GCDWebServers.framework; sourceTree = "<group>"; };
/* End PBXFileReference section */

/* Begin PBXFrameworksBuildPhase section */
		00038A831D9FDB9500F94610 /* Frameworks */ = {
			isa = PBXFrameworksBuildPhase;
			buildActionMask = 2147483647;
			files = (
				006C5A821E1801EE008098A0 /* GCDWebServers.framework in Frameworks */,
			);
			runOnlyForDeploymentPostprocessing = 0;
		};
		005F60881E43851A008431B8 /* Frameworks */ = {
			isa = PBXFrameworksBuildPhase;
			buildActionMask = 2147483647;
			files = (
			);
			runOnlyForDeploymentPostprocessing = 0;
		};
/* End PBXFrameworksBuildPhase section */

/* Begin PBXGroup section */
		00038A7D1D9FDB9500F94610 = {
			isa = PBXGroup;
			children = (
				006C5A801E1801EE008098A0 /* Frameworks */,
				005F608C1E43851A008431B8 /* Runner */,
				00038A891D9FDB9500F94610 /* SwiftScreenSaverTemplate */,
				00038A881D9FDB9500F94610 /* Products */,
			);
			sourceTree = "<group>";
		};
		00038A881D9FDB9500F94610 /* Products */ = {
			isa = PBXGroup;
			children = (
				00038A871D9FDB9500F94610 /* SwiftScreenSaverTemplate.saver */,
				005F608B1E43851A008431B8 /* Runner.app */,
			);
			name = Products;
			sourceTree = "<group>";
		};
		00038A891D9FDB9500F94610 /* SwiftScreenSaverTemplate */ = {
			isa = PBXGroup;
			children = (
				006C5A7E1E16B7CE008098A0 /* thumbnail.png */,
				006C5A7B1E16B3C3008098A0 /* thumbnail@2x.png */,
				00038A941D9FE68800F94610 /* html */,
				00038A8E1D9FDB9500F94610 /* Info.plist */,
				00038A961D9FE6CF00F94610 /* SwiftScreenSaverView.swift */,
			);
			path = SwiftScreenSaverTemplate;
			sourceTree = "<group>";
		};
		005F608C1E43851A008431B8 /* Runner */ = {
			isa = PBXGroup;
			children = (
				005F608D1E43851A008431B8 /* AppDelegate.swift */,
				005F608F1E43851A008431B8 /* Assets.xcassets */,
				005F60911E43851A008431B8 /* MainMenu.xib */,
				005F60941E43851A008431B8 /* Info.plist */,
			);
			path = Runner;
			sourceTree = "<group>";
		};
		006C5A801E1801EE008098A0 /* Frameworks */ = {
			isa = PBXGroup;
			children = (
				006C5A811E1801EE008098A0 /* GCDWebServers.framework */,
			);
			name = Frameworks;
			sourceTree = "<group>";
		};
/* End PBXGroup section */

/* Begin PBXHeadersBuildPhase section */
		00038A841D9FDB9500F94610 /* Headers */ = {
			isa = PBXHeadersBuildPhase;
			buildActionMask = 2147483647;
			files = (
			);
			runOnlyForDeploymentPostprocessing = 0;
		};
/* End PBXHeadersBuildPhase section */

/* Begin PBXNativeTarget section */
		00038A861D9FDB9500F94610 /* SwiftScreenSaverTemplate */ = {
			isa = PBXNativeTarget;
			buildConfigurationList = 00038A911D9FDB9500F94610 /* Build configuration list for PBXNativeTarget "SwiftScreenSaverTemplate" */;
			buildPhases = (
				00038A821D9FDB9500F94610 /* Sources */,
				00038A831D9FDB9500F94610 /* Frameworks */,
				00038A841D9FDB9500F94610 /* Headers */,
				00038A851D9FDB9500F94610 /* Resources */,
				00038A981D9FEC0D00F94610 /* CopyFiles */,
				006C5A831E1803C9008098A0 /* Embed Frameworks */,
			);
			buildRules = (
			);
			dependencies = (
			);
			name = SwiftScreenSaverTemplate;
			productName = SwiftScreenSaverTemplate;
			productReference = 00038A871D9FDB9500F94610 /* SwiftScreenSaverTemplate.saver */;
			productType = "com.apple.product-type.bundle";
		};
		005F608A1E43851A008431B8 /* Runner */ = {
			isa = PBXNativeTarget;
			buildConfigurationList = 005F60971E43851A008431B8 /* Build configuration list for PBXNativeTarget "Runner" */;
			buildPhases = (
				005F60871E43851A008431B8 /* Sources */,
				005F60881E43851A008431B8 /* Frameworks */,
				005F60891E43851A008431B8 /* Resources */,
			);
			buildRules = (
			);
			dependencies = (
				0028B9EA1E43B039009C3A68 /* PBXTargetDependency */,
			);
			name = Runner;
			productName = Runner;
			productReference = 005F608B1E43851A008431B8 /* Runner.app */;
			productType = "com.apple.product-type.application";
		};
/* End PBXNativeTarget section */

/* Begin PBXProject section */
		00038A7E1D9FDB9500F94610 /* Project object */ = {
			isa = PBXProject;
			attributes = {
				LastSwiftUpdateCheck = 0820;
				LastUpgradeCheck = 0820;
				ORGANIZATIONNAME = "Robert Burns";
				TargetAttributes = {
					00038A861D9FDB9500F94610 = {
						CreatedOnToolsVersion = 8.0;
						LastSwiftMigration = 0820;
						ProvisioningStyle = Automatic;
					};
					005F608A1E43851A008431B8 = {
						CreatedOnToolsVersion = 8.2.1;
						DevelopmentTeam = 7HUH268L2E;
						ProvisioningStyle = Automatic;
					};
				};
			};
			buildConfigurationList = 00038A811D9FDB9500F94610 /* Build configuration list for PBXProject "SwiftScreenSaverTemplate" */;
			compatibilityVersion = "Xcode 3.2";
			developmentRegion = English;
			hasScannedForEncodings = 0;
			knownRegions = (
				en,
				Base,
			);
			mainGroup = 00038A7D1D9FDB9500F94610;
			productRefGroup = 00038A881D9FDB9500F94610 /* Products */;
			projectDirPath = "";
			projectRoot = "";
			targets = (
				00038A861D9FDB9500F94610 /* SwiftScreenSaverTemplate */,
				005F608A1E43851A008431B8 /* Runner */,
			);
		};
/* End PBXProject section */

/* Begin PBXResourcesBuildPhase section */
		00038A851D9FDB9500F94610 /* Resources */ = {
			isa = PBXResourcesBuildPhase;
			buildActionMask = 2147483647;
			files = (
				00038A951D9FE68800F94610 /* html in Resources */,
				006C5A7D1E16B3C3008098A0 /* thumbnail@2x.png in Resources */,
				006C5A7F1E16B7CE008098A0 /* thumbnail.png in Resources */,
			);
			runOnlyForDeploymentPostprocessing = 0;
		};
		005F60891E43851A008431B8 /* Resources */ = {
			isa = PBXResourcesBuildPhase;
			buildActionMask = 2147483647;
			files = (
				005F60901E43851A008431B8 /* Assets.xcassets in Resources */,
				005F60931E43851A008431B8 /* MainMenu.xib in Resources */,
			);
			runOnlyForDeploymentPostprocessing = 0;
		};
/* End PBXResourcesBuildPhase section */

/* Begin PBXSourcesBuildPhase section */
		00038A821D9FDB9500F94610 /* Sources */ = {
			isa = PBXSourcesBuildPhase;
			buildActionMask = 2147483647;
			files = (
				00038A971D9FE6CF00F94610 /* SwiftScreenSaverView.swift in Sources */,
			);
			runOnlyForDeploymentPostprocessing = 0;
		};
		005F60871E43851A008431B8 /* Sources */ = {
			isa = PBXSourcesBuildPhase;
			buildActionMask = 2147483647;
			files = (
				005F608E1E43851A008431B8 /* AppDelegate.swift in Sources */,
			);
			runOnlyForDeploymentPostprocessing = 0;
		};
/* End PBXSourcesBuildPhase section */

/* Begin PBXTargetDependency section */
		0028B9EA1E43B039009C3A68 /* PBXTargetDependency */ = {
			isa = PBXTargetDependency;
			target = 00038A861D9FDB9500F94610 /* SwiftScreenSaverTemplate */;
			targetProxy = 0028B9E91E43B039009C3A68 /* PBXContainerItemProxy */;
		};
/* End PBXTargetDependency section */

/* Begin PBXVariantGroup section */
		005F60911E43851A008431B8 /* MainMenu.xib */ = {
			isa = PBXVariantGroup;
			children = (
				005F60921E43851A008431B8 /* Base */,
			);
			name = MainMenu.xib;
			sourceTree = "<group>";
		};
/* End PBXVariantGroup section */

/* Begin XCBuildConfiguration section */
		00038A8F1D9FDB9500F94610 /* Debug */ = {
			isa = XCBuildConfiguration;
			buildSettings = {
				ALWAYS_SEARCH_USER_PATHS = NO;
				CLANG_ANALYZER_NONNULL = YES;
				CLANG_CXX_LANGUAGE_STANDARD = "gnu++0x";
				CLANG_CXX_LIBRARY = "libc++";
				CLANG_ENABLE_MODULES = YES;
				CLANG_ENABLE_OBJC_ARC = YES;
				CLANG_WARN_BOOL_CONVERSION = YES;
				CLANG_WARN_CONSTANT_CONVERSION = YES;
				CLANG_WARN_DIRECT_OBJC_ISA_USAGE = YES_ERROR;
				CLANG_WARN_DOCUMENTATION_COMMENTS = YES;
				CLANG_WARN_EMPTY_BODY = YES;
				CLANG_WARN_ENUM_CONVERSION = YES;
				CLANG_WARN_INFINITE_RECURSION = YES;
				CLANG_WARN_INT_CONVERSION = YES;
				CLANG_WARN_OBJC_ROOT_CLASS = YES_ERROR;
				CLANG_WARN_SUSPICIOUS_MOVE = YES;
				CLANG_WARN_SUSPICIOUS_MOVES = YES;
				CLANG_WARN_UNREACHABLE_CODE = YES;
				CLANG_WARN__DUPLICATE_METHOD_MATCH = YES;
				CODE_SIGN_IDENTITY = "-";
				COPY_PHASE_STRIP = NO;
				DEBUG_INFORMATION_FORMAT = dwarf;
				ENABLE_STRICT_OBJC_MSGSEND = YES;
				ENABLE_TESTABILITY = YES;
				GCC_C_LANGUAGE_STANDARD = gnu99;
				GCC_DYNAMIC_NO_PIC = NO;
				GCC_NO_COMMON_BLOCKS = YES;
				GCC_OPTIMIZATION_LEVEL = 0;
				GCC_PREPROCESSOR_DEFINITIONS = (
					"DEBUG=1",
					"$(inherited)",
				);
				GCC_WARN_64_TO_32_BIT_CONVERSION = YES;
				GCC_WARN_ABOUT_RETURN_TYPE = YES_ERROR;
				GCC_WARN_UNDECLARED_SELECTOR = YES;
				GCC_WARN_UNINITIALIZED_AUTOS = YES_AGGRESSIVE;
				GCC_WARN_UNUSED_FUNCTION = YES;
				GCC_WARN_UNUSED_VARIABLE = YES;
				MACOSX_DEPLOYMENT_TARGET = 10.12;
				MTL_ENABLE_DEBUG_INFO = YES;
				ONLY_ACTIVE_ARCH = YES;
				SDKROOT = macosx;
			};
			name = Debug;
		};
		00038A901D9FDB9500F94610 /* Release */ = {
			isa = XCBuildConfiguration;
			buildSettings = {
				ALWAYS_SEARCH_USER_PATHS = NO;
				CLANG_ANALYZER_NONNULL = YES;
				CLANG_CXX_LANGUAGE_STANDARD = "gnu++0x";
				CLANG_CXX_LIBRARY = "libc++";
				CLANG_ENABLE_MODULES = YES;
				CLANG_ENABLE_OBJC_ARC = YES;
				CLANG_WARN_BOOL_CONVERSION = YES;
				CLANG_WARN_CONSTANT_CONVERSION = YES;
				CLANG_WARN_DIRECT_OBJC_ISA_USAGE = YES_ERROR;
				CLANG_WARN_DOCUMENTATION_COMMENTS = YES;
				CLANG_WARN_EMPTY_BODY = YES;
				CLANG_WARN_ENUM_CONVERSION = YES;
				CLANG_WARN_INFINITE_RECURSION = YES;
				CLANG_WARN_INT_CONVERSION = YES;
				CLANG_WARN_OBJC_ROOT_CLASS = YES_ERROR;
				CLANG_WARN_SUSPICIOUS_MOVE = YES;
				CLANG_WARN_SUSPICIOUS_MOVES = YES;
				CLANG_WARN_UNREACHABLE_CODE = YES;
				CLANG_WARN__DUPLICATE_METHOD_MATCH = YES;
				CODE_SIGN_IDENTITY = "-";
				COPY_PHASE_STRIP = NO;
				DEBUG_INFORMATION_FORMAT = "dwarf-with-dsym";
				ENABLE_NS_ASSERTIONS = NO;
				ENABLE_STRICT_OBJC_MSGSEND = YES;
				GCC_C_LANGUAGE_STANDARD = gnu99;
				GCC_NO_COMMON_BLOCKS = YES;
				GCC_WARN_64_TO_32_BIT_CONVERSION = YES;
				GCC_WARN_ABOUT_RETURN_TYPE = YES_ERROR;
				GCC_WARN_UNDECLARED_SELECTOR = YES;
				GCC_WARN_UNINITIALIZED_AUTOS = YES_AGGRESSIVE;
				GCC_WARN_UNUSED_FUNCTION = YES;
				GCC_WARN_UNUSED_VARIABLE = YES;
				MACOSX_DEPLOYMENT_TARGET = 10.12;
				MTL_ENABLE_DEBUG_INFO = NO;
				SDKROOT = macosx;
				SWIFT_OPTIMIZATION_LEVEL = "-Owholemodule";
			};
			name = Release;
		};
		00038A921D9FDB9500F94610 /* Debug */ = {
			isa = XCBuildConfiguration;
			buildSettings = {
				ALWAYS_EMBED_SWIFT_STANDARD_LIBRARIES = YES;
				CLANG_ENABLE_MODULES = YES;
				COMBINE_HIDPI_IMAGES = YES;
				FRAMEWORK_SEARCH_PATHS = (
					"$(inherited)",
					"$(PROJECT_DIR)/Carthage/Build/Mac",
				);
				INFOPLIST_FILE = SwiftScreenSaverTemplate/Info.plist;
				INSTALL_PATH = "$(HOME)/Library/Screen Savers";
				LD_RUNPATH_SEARCH_PATHS = "$(inherited) @executable_path/../Frameworks @loader_path/../Frameworks";
				PRODUCT_BUNDLE_IDENTIFIER = me.robertburns.osx.SwiftScreenSaverTemplate;
				PRODUCT_NAME = "$(TARGET_NAME)";
				SWIFT_OPTIMIZATION_LEVEL = "-Onone";
				SWIFT_VERSION = 3.0;
				WRAPPER_EXTENSION = saver;
			};
			name = Debug;
		};
		00038A931D9FDB9500F94610 /* Release */ = {
			isa = XCBuildConfiguration;
			buildSettings = {
				ALWAYS_EMBED_SWIFT_STANDARD_LIBRARIES = YES;
				CLANG_ENABLE_MODULES = YES;
				COMBINE_HIDPI_IMAGES = YES;
				FRAMEWORK_SEARCH_PATHS = (
					"$(inherited)",
					"$(PROJECT_DIR)/Carthage/Build/Mac",
				);
				INFOPLIST_FILE = SwiftScreenSaverTemplate/Info.plist;
				INSTALL_PATH = "$(HOME)/Library/Screen Savers";
				LD_RUNPATH_SEARCH_PATHS = "$(inherited) @executable_path/../Frameworks @loader_path/../Frameworks";
				PRODUCT_BUNDLE_IDENTIFIER = me.robertburns.osx.SwiftScreenSaverTemplate;
				PRODUCT_NAME = "$(TARGET_NAME)";
				SWIFT_VERSION = 3.0;
				WRAPPER_EXTENSION = saver;
			};
			name = Release;
		};
		005F60951E43851A008431B8 /* Debug */ = {
			isa = XCBuildConfiguration;
			buildSettings = {
				ASSETCATALOG_COMPILER_APPICON_NAME = AppIcon;
				COMBINE_HIDPI_IMAGES = YES;
				DEVELOPMENT_TEAM = 7HUH268L2E;
				INFOPLIST_FILE = Runner/Info.plist;
				LD_RUNPATH_SEARCH_PATHS = "$(inherited) @executable_path/../Frameworks";
				PRODUCT_BUNDLE_IDENTIFIER = me.robertburns.osx.Runner;
				PRODUCT_NAME = "$(TARGET_NAME)";
				SWIFT_ACTIVE_COMPILATION_CONDITIONS = DEBUG;
				SWIFT_OPTIMIZATION_LEVEL = "-Onone";
				SWIFT_VERSION = 3.0;
			};
			name = Debug;
		};
		005F60961E43851A008431B8 /* Release */ = {
			isa = XCBuildConfiguration;
			buildSettings = {
				ASSETCATALOG_COMPILER_APPICON_NAME = AppIcon;
				COMBINE_HIDPI_IMAGES = YES;
				DEVELOPMENT_TEAM = 7HUH268L2E;
				INFOPLIST_FILE = Runner/Info.plist;
				LD_RUNPATH_SEARCH_PATHS = "$(inherited) @executable_path/../Frameworks";
				PRODUCT_BUNDLE_IDENTIFIER = me.robertburns.osx.Runner;
				PRODUCT_NAME = "$(TARGET_NAME)";
				SWIFT_VERSION = 3.0;
			};
			name = Release;
		};
/* End XCBuildConfiguration section */

/* Begin XCConfigurationList section */
		00038A811D9FDB9500F94610 /* Build configuration list for PBXProject "SwiftScreenSaverTemplate" */ = {
			isa = XCConfigurationList;
			buildConfigurations = (
				00038A8F1D9FDB9500F94610 /* Debug */,
				00038A901D9FDB9500F94610 /* Release */,
			);
			defaultConfigurationIsVisible = 0;
			defaultConfigurationName = Release;
		};
		00038A911D9FDB9500F94610 /* Build configuration list for PBXNativeTarget "SwiftScreenSaverTemplate" */ = {
			isa = XCConfigurationList;
			buildConfigurations = (
				00038A921D9FDB9500F94610 /* Debug */,
				00038A931D9FDB9500F94610 /* Release */,
			);
			defaultConfigurationIsVisible = 0;
			defaultConfigurationName = Release;
		};
		005F60971E43851A008431B8 /* Build configuration list for PBXNativeTarget "Runner" */ = {
			isa = XCConfigurationList;
			buildConfigurations = (
				005F60951E43851A008431B8 /* Debug */,
				005F60961E43851A008431B8 /* Release */,
			);
			defaultConfigurationIsVisible = 0;
			defaultConfigurationName = Release;
		};
/* End XCConfigurationList section */
	};
	rootObject = 00038A7E1D9FDB9500F94610 /* Project object */;
}
